
Microsoft Visual Studio Solution File, Format Version 12.00
# Visual Studio Version 16
VisualStudioVersion = 16.0.29424.173
MinimumVisualStudioVersion = 10.0.40219.1
Project("{FAE04EC0-301F-11D3-BF4B-00C04F79EFBC}") = "TRPO_Lab8", "TRPO_Lab8.csproj", "{15BE6460-58A9-4B7F-A484-2CE0A73C787E}"
EndProject
Project("{FAE04EC0-301F-11D3-BF4B-00C04F79EFBC}") = "Lab_8_tests", "..\Lab_8_tests\Lab_8_tests.csproj", "{88B62E4A-20A3-41A8-B6B5-3079A7493408}"
EndProject
Global
	GlobalSection(SolutionConfigurationPlatforms) = preSolution
		Debug|Any CPU = Debug|Any CPU
		Release|Any CPU = Release|Any CPU
	EndGlobalSection
	GlobalSection(ProjectConfigurationPlatforms) = postSolution
		{15BE6460-58A9-4B7F-A484-2CE0A73C787E}.Debug|Any CPU.ActiveCfg = Debug|Any CPU
		{15BE6460-58A9-4B7F-A484-2CE0A73C787E}.Debug|Any CPU.Build.0 = Debug|Any CPU
		{15BE6460-58A9-4B7F-A484-2CE0A73C787E}.Release|Any CPU.ActiveCfg = Release|Any CPU
		{15BE6460-58A9-4B7F-A484-2CE0A73C787E}.Release|Any CPU.Build.0 = Release|Any CPU
		{88B62E4A-20A3-41A8-B6B5-3079A7493408}.Debug|Any CPU.ActiveCfg = Debug|Any CPU
		{88B62E4A-20A3-41A8-B6B5-3079A7493408}.Debug|Any CPU.Build.0 = Debug|Any CPU
		{88B62E4A-20A3-41A8-B6B5-3079A7493408}.Release|Any CPU.ActiveCfg = Release|Any CPU
		{88B62E4A-20A3-41A8-B6B5-3079A7493408}.Release|Any CPU.Build.0 = Release|Any CPU
	EndGlobalSection
	GlobalSection(SolutionProperties) = preSolution
		HideSolutionNode = FALSE
	EndGlobalSection
	GlobalSection(ExtensibilityGlobals) = postSolution
		SolutionGuid = {C72EDE16-F4F7-4696-868A-86AE69D8BD23}
	EndGlobalSection
EndGlobal
